
Microsoft Visual Studio Solution File, Format Version 12.00
# Visual Studio Version 17
VisualStudioVersion = 17.13.35913.81 d17.13
MinimumVisualStudioVersion = 10.0.40219.1
Project("{FAE04EC0-301F-11D3-BF4B-00C04F79EFBC}") = "UserManager", "UserManager.csproj", "{6642413D-5E8F-4759-9D8E-529812ADE9F0}"
EndProject
Global
	GlobalSection(SolutionConfigurationPlatforms) = preSolution
		Debug|Any CPU = Debug|Any CPU
		Release|Any CPU = Release|Any CPU
	EndGlobalSection
	GlobalSection(ProjectConfigurationPlatforms) = postSolution
		{6642413D-5E8F-4759-9D8E-529812ADE9F0}.Debug|Any CPU.ActiveCfg = Debug|Any CPU
		{6642413D-5E8F-4759-9D8E-529812ADE9F0}.Debug|Any CPU.Build.0 = Debug|Any CPU
		{6642413D-5E8F-4759-9D8E-529812ADE9F0}.Release|Any CPU.ActiveCfg = Release|Any CPU
		{6642413D-5E8F-4759-9D8E-529812ADE9F0}.Release|Any CPU.Build.0 = Release|Any CPU
	EndGlobalSection
	GlobalSection(SolutionProperties) = preSolution
		HideSolutionNode = FALSE
	EndGlobalSection
	GlobalSection(ExtensibilityGlobals) = postSolution
		SolutionGuid = {631D37B7-07E3-4354-A557-26AF8DA5BC32}
	EndGlobalSection
EndGlobal
